{
    "_readme": [
        "This file locks the dependencies of your project to a known state",
        "Read more about it at https://getcomposer.org/doc/01-basic-usage.md#installing-dependencies",
        "This file is @generated automatically"
    ],
    "content-hash": "f1e485d5da6286a5b1314b0b4adf192e",
    "packages": [],
    "packages-dev": [
        {
            "name": "drivezy/laravel-utility",
            "version": "v0.9.8",
            "source": {
                "type": "git",
                "url": "https://github.com/drivezy/laravel-utility.git",
                "reference": "f32a85c4f0002ea96efd3fec5a5c3d70b4a22cd9"
            },
            "dist": {
                "type": "zip",
                "url": "https://api.github.com/repos/drivezy/laravel-utility/zipball/f32a85c4f0002ea96efd3fec5a5c3d70b4a22cd9",
                "reference": "f32a85c4f0002ea96efd3fec5a5c3d70b4a22cd9",
                "shasum": ""
            },
            "type": "library",
            "extra": {
                "laravel": {
                    "providers": [
                        "Drivezy\\LaravelUtility\\LaravelUtilityServiceProvider"
                    ]
                }
            },
            "autoload": {
                "psr-4": {
                    "Drivezy\\LaravelUtility\\": "src/"
                }
            },
            "notification-url": "https://packagist.org/downloads/",
            "license": [
                "MIT"
            ],
            "authors": [
                {
                    "name": "Hemant Kumar Sah",
                    "email": "hemantanshu@gmail.com"
                }
            ],
            "description": "Base functionality for a scalable application.",
            "time": "2018-04-20T12:27:11+00:00"
        }
    ],
    "aliases": [],
    "minimum-stability": "stable",
    "stability-flags": [],
    "prefer-stable": false,
    "prefer-lowest": false,
    "platform": [],
    "platform-dev": []
}
